
Microsoft Visual Studio Solution File, Format Version 12.00
# Visual Studio Version 17
VisualStudioVersion = 17.9.34607.119
MinimumVisualStudioVersion = 10.0.40219.1
Project("{2150E333-8FDC-42A3-9474-1A3956D46DE8}") = "src", "src", "{1BB342E8-C5D6-4262-BC04-F59693361FF0}"
EndProject
Project("{2150E333-8FDC-42A3-9474-1A3956D46DE8}") = "Services", "Services", "{6501B547-D77C-4C5C-A3CC-9C6D38C481B3}"
EndProject
Project("{2150E333-8FDC-42A3-9474-1A3956D46DE8}") = "Auction", "Auction", "{96A2EFCE-F461-427E-BC8A-321C24845519}"
EndProject
Project("{2150E333-8FDC-42A3-9474-1A3956D46DE8}") = "Solution Items", "Solution Items", "{E137824A-0756-4A55-A87A-1781B5AC37CF}"
	ProjectSection(SolutionItems) = preProject
		docker-compose.yml = docker-compose.yml
	EndProjectSection
EndProject
Project("{2150E333-8FDC-42A3-9474-1A3956D46DE8}") = "Search", "Search", "{E9478FF6-C1C1-4306-80B6-37A4C1BB2832}"
EndProject
Project("{9A19103F-16F7-4668-BE54-9A1E7A4F7556}") = "Carsties.Search", "src\Services\Search\Carsties.Search\Carsties.Search.csproj", "{A0887D9E-DFD5-42CD-AC64-2FA01B86F390}"
EndProject
Project("{9A19103F-16F7-4668-BE54-9A1E7A4F7556}") = "Carsties.Auction", "src\Services\Auction\Carsties.Auction\Carsties.Auction.csproj", "{504806CC-3092-4142-BBAF-9BE418123E1E}"
EndProject
Project("{2150E333-8FDC-42A3-9474-1A3956D46DE8}") = "Shared", "Shared", "{AEAC7AC1-F583-4E4A-9DF3-8A227CFAC8C3}"
EndProject
Project("{FAE04EC0-301F-11D3-BF4B-00C04F79EFBC}") = "Carsties.Contracts", "src\Shared\Carsties.Contracts\Carsties.Contracts.csproj", "{3419D017-DBDC-434A-BC2F-5BD483389E1D}"
EndProject
Global
	GlobalSection(SolutionConfigurationPlatforms) = preSolution
		Debug|Any CPU = Debug|Any CPU
		Release|Any CPU = Release|Any CPU
	EndGlobalSection
	GlobalSection(ProjectConfigurationPlatforms) = postSolution
		{A0887D9E-DFD5-42CD-AC64-2FA01B86F390}.Debug|Any CPU.ActiveCfg = Debug|Any CPU
		{A0887D9E-DFD5-42CD-AC64-2FA01B86F390}.Debug|Any CPU.Build.0 = Debug|Any CPU
		{A0887D9E-DFD5-42CD-AC64-2FA01B86F390}.Release|Any CPU.ActiveCfg = Release|Any CPU
		{A0887D9E-DFD5-42CD-AC64-2FA01B86F390}.Release|Any CPU.Build.0 = Release|Any CPU
		{504806CC-3092-4142-BBAF-9BE418123E1E}.Debug|Any CPU.ActiveCfg = Debug|Any CPU
		{504806CC-3092-4142-BBAF-9BE418123E1E}.Debug|Any CPU.Build.0 = Debug|Any CPU
		{504806CC-3092-4142-BBAF-9BE418123E1E}.Release|Any CPU.ActiveCfg = Release|Any CPU
		{504806CC-3092-4142-BBAF-9BE418123E1E}.Release|Any CPU.Build.0 = Release|Any CPU
		{3419D017-DBDC-434A-BC2F-5BD483389E1D}.Debug|Any CPU.ActiveCfg = Debug|Any CPU
		{3419D017-DBDC-434A-BC2F-5BD483389E1D}.Debug|Any CPU.Build.0 = Debug|Any CPU
		{3419D017-DBDC-434A-BC2F-5BD483389E1D}.Release|Any CPU.ActiveCfg = Release|Any CPU
		{3419D017-DBDC-434A-BC2F-5BD483389E1D}.Release|Any CPU.Build.0 = Release|Any CPU
	EndGlobalSection
	GlobalSection(SolutionProperties) = preSolution
		HideSolutionNode = FALSE
	EndGlobalSection
	GlobalSection(NestedProjects) = preSolution
		{6501B547-D77C-4C5C-A3CC-9C6D38C481B3} = {1BB342E8-C5D6-4262-BC04-F59693361FF0}
		{96A2EFCE-F461-427E-BC8A-321C24845519} = {6501B547-D77C-4C5C-A3CC-9C6D38C481B3}
		{E9478FF6-C1C1-4306-80B6-37A4C1BB2832} = {6501B547-D77C-4C5C-A3CC-9C6D38C481B3}
		{A0887D9E-DFD5-42CD-AC64-2FA01B86F390} = {E9478FF6-C1C1-4306-80B6-37A4C1BB2832}
		{504806CC-3092-4142-BBAF-9BE418123E1E} = {96A2EFCE-F461-427E-BC8A-321C24845519}
		{AEAC7AC1-F583-4E4A-9DF3-8A227CFAC8C3} = {1BB342E8-C5D6-4262-BC04-F59693361FF0}
		{3419D017-DBDC-434A-BC2F-5BD483389E1D} = {AEAC7AC1-F583-4E4A-9DF3-8A227CFAC8C3}
	EndGlobalSection
	GlobalSection(ExtensibilityGlobals) = postSolution
		SolutionGuid = {BC59B56F-0CDB-4BEF-9505-5462048AFCC5}
	EndGlobalSection
EndGlobal
